
Microsoft Visual Studio Solution File, Format Version 12.00
# Visual Studio Version 16
VisualStudioVersion = 16.0.30804.86
MinimumVisualStudioVersion = 10.0.40219.1
Project("{FAE04EC0-301F-11D3-BF4B-00C04F79EFBC}") = "TextAnalyser", "TextAnalyser\TextAnalyser.csproj", "{14815566-ED6F-4450-8061-3DFB5FCF5003}"
EndProject
Global
	GlobalSection(SolutionConfigurationPlatforms) = preSolution
		Debug|Any CPU = Debug|Any CPU
		Release|Any CPU = Release|Any CPU
	EndGlobalSection
	GlobalSection(ProjectConfigurationPlatforms) = postSolution
		{14815566-ED6F-4450-8061-3DFB5FCF5003}.Debug|Any CPU.ActiveCfg = Debug|Any CPU
		{14815566-ED6F-4450-8061-3DFB5FCF5003}.Debug|Any CPU.Build.0 = Debug|Any CPU
		{14815566-ED6F-4450-8061-3DFB5FCF5003}.Release|Any CPU.ActiveCfg = Release|Any CPU
		{14815566-ED6F-4450-8061-3DFB5FCF5003}.Release|Any CPU.Build.0 = Release|Any CPU
	EndGlobalSection
	GlobalSection(SolutionProperties) = preSolution
		HideSolutionNode = FALSE
	EndGlobalSection
	GlobalSection(ExtensibilityGlobals) = postSolution
		SolutionGuid = {9DFEE459-E975-4DDE-A83E-6F87ED4D61E7}
	EndGlobalSection
EndGlobal
